// !$*UTF8*$!
{
	archiveVersion = 1;
	classes = {
	};
	objectVersion = 46;
	objects = {

/* Begin PBXBuildFile section */
		8B6C6E741AA30C0D009EF356 /* main.m in Sources */ = {isa = PBXBuildFile; fileRef = 8B6C6E731AA30C0D009EF356 /* main.m */; };
		8B6C6E771AA30C0D009EF356 /* AppDelegate.m in Sources */ = {isa = PBXBuildFile; fileRef = 8B6C6E761AA30C0D009EF356 /* AppDelegate.m */; };
		8B6C6E791AA30C0D009EF356 /* Shader.fsh in Resources */ = {isa = PBXBuildFile; fileRef = 8B6C6E781AA30C0D009EF356 /* Shader.fsh */; };
		8B6C6E7B1AA30C0D009EF356 /* Shader.vsh in Resources */ = {isa = PBXBuildFile; fileRef = 8B6C6E7A1AA30C0D009EF356 /* Shader.vsh */; };
		8B6C6E7E1AA30C0D009EF356 /* GameViewController.m in Sources */ = {isa = PBXBuildFile; fileRef = 8B6C6E7D1AA30C0D009EF356 /* GameViewController.m */; };
		8B6C6E811AA30C0D009EF356 /* Main.storyboard in Resources */ = {isa = PBXBuildFile; fileRef = 8B6C6E7F1AA30C0D009EF356 /* Main.storyboard */; };
		8B6C6E831AA30C0E009EF356 /* Images.xcassets in Resources */ = {isa = PBXBuildFile; fileRef = 8B6C6E821AA30C0D009EF356 /* Images.xcassets */; };
		8B6C6E861AA30C0E009EF356 /* LaunchScreen.xib in Resources */ = {isa = PBXBuildFile; fileRef = 8B6C6E841AA30C0E009EF356 /* LaunchScreen.xib */; };
		8B6C6E921AA30C0E009EF356 /* OGLWHaskellTestTests.m in Sources */ = {isa = PBXBuildFile; fileRef = 8B6C6E911AA30C0E009EF356 /* OGLWHaskellTestTests.m */; };
		8B6C6E9C1AA30E68009EF356 /* HaskelliOS.xcconfig in Resources */ = {isa = PBXBuildFile; fileRef = 8B6C6E9B1AA30E68009EF356 /* HaskelliOS.xcconfig */; };
		8B6C6E9F1AA31A37009EF356 /* MatrixHelper.a in Frameworks */ = {isa = PBXBuildFile; fileRef = 8B6C6E9E1AA31A37009EF356 /* MatrixHelper.a */; };
/* End PBXBuildFile section */

/* Begin PBXContainerItemProxy section */
		8B6C6E8C1AA30C0E009EF356 /* PBXContainerItemProxy */ = {
			isa = PBXContainerItemProxy;
			containerPortal = 8B6C6E661AA30C0D009EF356 /* Project object */;
			proxyType = 1;
			remoteGlobalIDString = 8B6C6E6D1AA30C0D009EF356;
			remoteInfo = OGLWHaskellTest;
		};
/* End PBXContainerItemProxy section */

/* Begin PBXFileReference section */
		8B6C6E6E1AA30C0D009EF356 /* OGLWHaskellTest.app */ = {isa = PBXFileReference; explicitFileType = wrapper.application; includeInIndex = 0; path = OGLWHaskellTest.app; sourceTree = BUILT_PRODUCTS_DIR; };
		8B6C6E721AA30C0D009EF356 /* Info.plist */ = {isa = PBXFileReference; lastKnownFileType = text.plist.xml; path = Info.plist; sourceTree = "<group>"; };
		8B6C6E731AA30C0D009EF356 /* main.m */ = {isa = PBXFileReference; lastKnownFileType = sourcecode.c.objc; path = main.m; sourceTree = "<group>"; };
		8B6C6E751AA30C0D009EF356 /* AppDelegate.h */ = {isa = PBXFileReference; lastKnownFileType = sourcecode.c.h; path = AppDelegate.h; sourceTree = "<group>"; };
		8B6C6E761AA30C0D009EF356 /* AppDelegate.m */ = {isa = PBXFileReference; lastKnownFileType = sourcecode.c.objc; path = AppDelegate.m; sourceTree = "<group>"; };
		8B6C6E781AA30C0D009EF356 /* Shader.fsh */ = {isa = PBXFileReference; lastKnownFileType = sourcecode.glsl; name = Shader.fsh; path = Shaders/Shader.fsh; sourceTree = "<group>"; };
		8B6C6E7A1AA30C0D009EF356 /* Shader.vsh */ = {isa = PBXFileReference; lastKnownFileType = sourcecode.glsl; name = Shader.vsh; path = Shaders/Shader.vsh; sourceTree = "<group>"; };
		8B6C6E7C1AA30C0D009EF356 /* GameViewController.h */ = {isa = PBXFileReference; lastKnownFileType = sourcecode.c.h; path = GameViewController.h; sourceTree = "<group>"; };
		8B6C6E7D1AA30C0D009EF356 /* GameViewController.m */ = {isa = PBXFileReference; lastKnownFileType = sourcecode.c.objc; path = GameViewController.m; sourceTree = "<group>"; };
		8B6C6E801AA30C0D009EF356 /* Base */ = {isa = PBXFileReference; lastKnownFileType = file.storyboard; name = Base; path = Base.lproj/Main.storyboard; sourceTree = "<group>"; };
		8B6C6E821AA30C0D009EF356 /* Images.xcassets */ = {isa = PBXFileReference; lastKnownFileType = folder.assetcatalog; path = Images.xcassets; sourceTree = "<group>"; };
		8B6C6E851AA30C0E009EF356 /* Base */ = {isa = PBXFileReference; lastKnownFileType = file.xib; name = Base; path = Base.lproj/LaunchScreen.xib; sourceTree = "<group>"; };
		8B6C6E8B1AA30C0E009EF356 /* OGLWHaskellTestTests.xctest */ = {isa = PBXFileReference; explicitFileType = wrapper.cfbundle; includeInIndex = 0; path = OGLWHaskellTestTests.xctest; sourceTree = BUILT_PRODUCTS_DIR; };
		8B6C6E901AA30C0E009EF356 /* Info.plist */ = {isa = PBXFileReference; lastKnownFileType = text.plist.xml; path = Info.plist; sourceTree = "<group>"; };
		8B6C6E911AA30C0E009EF356 /* OGLWHaskellTestTests.m */ = {isa = PBXFileReference; lastKnownFileType = sourcecode.c.objc; path = OGLWHaskellTestTests.m; sourceTree = "<group>"; };
		8B6C6E9B1AA30E68009EF356 /* HaskelliOS.xcconfig */ = {isa = PBXFileReference; fileEncoding = 4; lastKnownFileType = text.xcconfig; path = HaskelliOS.xcconfig; sourceTree = "<group>"; };
		8B6C6E9D1AA31A37009EF356 /* Main_stub.h */ = {isa = PBXFileReference; fileEncoding = 4; lastKnownFileType = sourcecode.c.h; path = Main_stub.h; sourceTree = "<group>"; };
		8B6C6E9E1AA31A37009EF356 /* MatrixHelper.a */ = {isa = PBXFileReference; lastKnownFileType = archive.ar; path = MatrixHelper.a; sourceTree = "<group>"; };
/* End PBXFileReference section */

/* Begin PBXFrameworksBuildPhase section */
		8B6C6E6B1AA30C0D009EF356 /* Frameworks */ = {
			isa = PBXFrameworksBuildPhase;
			buildActionMask = 2147483647;
			files = (
				8B6C6E9F1AA31A37009EF356 /* MatrixHelper.a in Frameworks */,
			);
			runOnlyForDeploymentPostprocessing = 0;
		};
		8B6C6E881AA30C0E009EF356 /* Frameworks */ = {
			isa = PBXFrameworksBuildPhase;
			buildActionMask = 2147483647;
			files = (
			);
			runOnlyForDeploymentPostprocessing = 0;
		};
/* End PBXFrameworksBuildPhase section */

/* Begin PBXGroup section */
		8B6C6E651AA30C0D009EF356 = {
			isa = PBXGroup;
			children = (
				8B6C6E701AA30C0D009EF356 /* OGLWHaskellTest */,
				8B6C6E8E1AA30C0E009EF356 /* OGLWHaskellTestTests */,
				8B6C6E6F1AA30C0D009EF356 /* Products */,
			);
			sourceTree = "<group>";
		};
		8B6C6E6F1AA30C0D009EF356 /* Products */ = {
			isa = PBXGroup;
			children = (
				8B6C6E6E1AA30C0D009EF356 /* OGLWHaskellTest.app */,
				8B6C6E8B1AA30C0E009EF356 /* OGLWHaskellTestTests.xctest */,
			);
			name = Products;
			sourceTree = "<group>";
		};
		8B6C6E701AA30C0D009EF356 /* OGLWHaskellTest */ = {
			isa = PBXGroup;
			children = (
				8B6C6E9B1AA30E68009EF356 /* HaskelliOS.xcconfig */,
				8B6C6E9D1AA31A37009EF356 /* Main_stub.h */,
				8B6C6E9E1AA31A37009EF356 /* MatrixHelper.a */,
				8B6C6E751AA30C0D009EF356 /* AppDelegate.h */,
				8B6C6E761AA30C0D009EF356 /* AppDelegate.m */,
				8B6C6E781AA30C0D009EF356 /* Shader.fsh */,
				8B6C6E7A1AA30C0D009EF356 /* Shader.vsh */,
				8B6C6E7C1AA30C0D009EF356 /* GameViewController.h */,
				8B6C6E7D1AA30C0D009EF356 /* GameViewController.m */,
				8B6C6E7F1AA30C0D009EF356 /* Main.storyboard */,
				8B6C6E821AA30C0D009EF356 /* Images.xcassets */,
				8B6C6E841AA30C0E009EF356 /* LaunchScreen.xib */,
				8B6C6E711AA30C0D009EF356 /* Supporting Files */,
			);
			path = OGLWHaskellTest;
			sourceTree = "<group>";
		};
		8B6C6E711AA30C0D009EF356 /* Supporting Files */ = {
			isa = PBXGroup;
			children = (
				8B6C6E721AA30C0D009EF356 /* Info.plist */,
				8B6C6E731AA30C0D009EF356 /* main.m */,
			);
			name = "Supporting Files";
			sourceTree = "<group>";
		};
		8B6C6E8E1AA30C0E009EF356 /* OGLWHaskellTestTests */ = {
			isa = PBXGroup;
			children = (
				8B6C6E911AA30C0E009EF356 /* OGLWHaskellTestTests.m */,
				8B6C6E8F1AA30C0E009EF356 /* Supporting Files */,
			);
			path = OGLWHaskellTestTests;
			sourceTree = "<group>";
		};
		8B6C6E8F1AA30C0E009EF356 /* Supporting Files */ = {
			isa = PBXGroup;
			children = (
				8B6C6E901AA30C0E009EF356 /* Info.plist */,
			);
			name = "Supporting Files";
			sourceTree = "<group>";
		};
/* End PBXGroup section */

/* Begin PBXNativeTarget section */
		8B6C6E6D1AA30C0D009EF356 /* OGLWHaskellTest */ = {
			isa = PBXNativeTarget;
			buildConfigurationList = 8B6C6E951AA30C0E009EF356 /* Build configuration list for PBXNativeTarget "OGLWHaskellTest" */;
			buildPhases = (
				8B6C6E6A1AA30C0D009EF356 /* Sources */,
				8B6C6E6B1AA30C0D009EF356 /* Frameworks */,
				8B6C6E6C1AA30C0D009EF356 /* Resources */,
			);
			buildRules = (
			);
			dependencies = (
			);
			name = OGLWHaskellTest;
			productName = OGLWHaskellTest;
			productReference = 8B6C6E6E1AA30C0D009EF356 /* OGLWHaskellTest.app */;
			productType = "com.apple.product-type.application";
		};
		8B6C6E8A1AA30C0E009EF356 /* OGLWHaskellTestTests */ = {
			isa = PBXNativeTarget;
			buildConfigurationList = 8B6C6E981AA30C0E009EF356 /* Build configuration list for PBXNativeTarget "OGLWHaskellTestTests" */;
			buildPhases = (
				8B6C6E871AA30C0E009EF356 /* Sources */,
				8B6C6E881AA30C0E009EF356 /* Frameworks */,
				8B6C6E891AA30C0E009EF356 /* Resources */,
			);
			buildRules = (
			);
			dependencies = (
				8B6C6E8D1AA30C0E009EF356 /* PBXTargetDependency */,
			);
			name = OGLWHaskellTestTests;
			productName = OGLWHaskellTestTests;
			productReference = 8B6C6E8B1AA30C0E009EF356 /* OGLWHaskellTestTests.xctest */;
			productType = "com.apple.product-type.bundle.unit-test";
		};
/* End PBXNativeTarget section */

/* Begin PBXProject section */
		8B6C6E661AA30C0D009EF356 /* Project object */ = {
			isa = PBXProject;
			attributes = {
				LastUpgradeCheck = 0610;
				ORGANIZATIONNAME = EuphonicTeck;
				TargetAttributes = {
					8B6C6E6D1AA30C0D009EF356 = {
						CreatedOnToolsVersion = 6.1.1;
					};
					8B6C6E8A1AA30C0E009EF356 = {
						CreatedOnToolsVersion = 6.1.1;
						TestTargetID = 8B6C6E6D1AA30C0D009EF356;
					};
				};
			};
			buildConfigurationList = 8B6C6E691AA30C0D009EF356 /* Build configuration list for PBXProject "OGLWHaskellTest" */;
			compatibilityVersion = "Xcode 3.2";
			developmentRegion = English;
			hasScannedForEncodings = 0;
			knownRegions = (
				en,
				Base,
			);
			mainGroup = 8B6C6E651AA30C0D009EF356;
			productRefGroup = 8B6C6E6F1AA30C0D009EF356 /* Products */;
			projectDirPath = "";
			projectRoot = "";
			targets = (
				8B6C6E6D1AA30C0D009EF356 /* OGLWHaskellTest */,
				8B6C6E8A1AA30C0E009EF356 /* OGLWHaskellTestTests */,
			);
		};
/* End PBXProject section */

/* Begin PBXResourcesBuildPhase section */
		8B6C6E6C1AA30C0D009EF356 /* Resources */ = {
			isa = PBXResourcesBuildPhase;
			buildActionMask = 2147483647;
			files = (
				8B6C6E861AA30C0E009EF356 /* LaunchScreen.xib in Resources */,
				8B6C6E811AA30C0D009EF356 /* Main.storyboard in Resources */,
				8B6C6E831AA30C0E009EF356 /* Images.xcassets in Resources */,
				8B6C6E9C1AA30E68009EF356 /* HaskelliOS.xcconfig in Resources */,
				8B6C6E7B1AA30C0D009EF356 /* Shader.vsh in Resources */,
				8B6C6E791AA30C0D009EF356 /* Shader.fsh in Resources */,
			);
			runOnlyForDeploymentPostprocessing = 0;
		};
		8B6C6E891AA30C0E009EF356 /* Resources */ = {
			isa = PBXResourcesBuildPhase;
			buildActionMask = 2147483647;
			files = (
			);
			runOnlyForDeploymentPostprocessing = 0;
		};
/* End PBXResourcesBuildPhase section */

/* Begin PBXSourcesBuildPhase section */
		8B6C6E6A1AA30C0D009EF356 /* Sources */ = {
			isa = PBXSourcesBuildPhase;
			buildActionMask = 2147483647;
			files = (
				8B6C6E771AA30C0D009EF356 /* AppDelegate.m in Sources */,
				8B6C6E7E1AA30C0D009EF356 /* GameViewController.m in Sources */,
				8B6C6E741AA30C0D009EF356 /* main.m in Sources */,
			);
			runOnlyForDeploymentPostprocessing = 0;
		};
		8B6C6E871AA30C0E009EF356 /* Sources */ = {
			isa = PBXSourcesBuildPhase;
			buildActionMask = 2147483647;
			files = (
				8B6C6E921AA30C0E009EF356 /* OGLWHaskellTestTests.m in Sources */,
			);
			runOnlyForDeploymentPostprocessing = 0;
		};
/* End PBXSourcesBuildPhase section */

/* Begin PBXTargetDependency section */
		8B6C6E8D1AA30C0E009EF356 /* PBXTargetDependency */ = {
			isa = PBXTargetDependency;
			target = 8B6C6E6D1AA30C0D009EF356 /* OGLWHaskellTest */;
			targetProxy = 8B6C6E8C1AA30C0E009EF356 /* PBXContainerItemProxy */;
		};
/* End PBXTargetDependency section */

/* Begin PBXVariantGroup section */
		8B6C6E7F1AA30C0D009EF356 /* Main.storyboard */ = {
			isa = PBXVariantGroup;
			children = (
				8B6C6E801AA30C0D009EF356 /* Base */,
			);
			name = Main.storyboard;
			sourceTree = "<group>";
		};
		8B6C6E841AA30C0E009EF356 /* LaunchScreen.xib */ = {
			isa = PBXVariantGroup;
			children = (
				8B6C6E851AA30C0E009EF356 /* Base */,
			);
			name = LaunchScreen.xib;
			sourceTree = "<group>";
		};
/* End PBXVariantGroup section */

/* Begin XCBuildConfiguration section */
		8B6C6E931AA30C0E009EF356 /* Debug */ = {
			isa = XCBuildConfiguration;
			baseConfigurationReference = 8B6C6E9B1AA30E68009EF356 /* HaskelliOS.xcconfig */;
			buildSettings = {
				ALWAYS_SEARCH_USER_PATHS = NO;
				CLANG_CXX_LANGUAGE_STANDARD = "gnu++0x";
				CLANG_CXX_LIBRARY = "libc++";
				CLANG_ENABLE_MODULES = YES;
				CLANG_ENABLE_OBJC_ARC = YES;
				CLANG_WARN_BOOL_CONVERSION = YES;
				CLANG_WARN_CONSTANT_CONVERSION = YES;
				CLANG_WARN_DIRECT_OBJC_ISA_USAGE = YES_ERROR;
				CLANG_WARN_EMPTY_BODY = YES;
				CLANG_WARN_ENUM_CONVERSION = YES;
				CLANG_WARN_INT_CONVERSION = YES;
				CLANG_WARN_OBJC_ROOT_CLASS = YES_ERROR;
				CLANG_WARN_UNREACHABLE_CODE = YES;
				CLANG_WARN__DUPLICATE_METHOD_MATCH = YES;
				"CODE_SIGN_IDENTITY[sdk=iphoneos*]" = "iPhone Developer";
				COPY_PHASE_STRIP = NO;
				ENABLE_STRICT_OBJC_MSGSEND = YES;
				GCC_C_LANGUAGE_STANDARD = gnu99;
				GCC_DYNAMIC_NO_PIC = NO;
				GCC_OPTIMIZATION_LEVEL = 0;
				GCC_PREPROCESSOR_DEFINITIONS = (
					"DEBUG=1",
					"$(inherited)",
				);
				GCC_SYMBOLS_PRIVATE_EXTERN = NO;
				GCC_WARN_64_TO_32_BIT_CONVERSION = YES;
				GCC_WARN_ABOUT_RETURN_TYPE = YES_ERROR;
				GCC_WARN_UNDECLARED_SELECTOR = YES;
				GCC_WARN_UNINITIALIZED_AUTOS = YES_AGGRESSIVE;
				GCC_WARN_UNUSED_FUNCTION = YES;
				GCC_WARN_UNUSED_VARIABLE = YES;
				IPHONEOS_DEPLOYMENT_TARGET = 8.1;
				MTL_ENABLE_DEBUG_INFO = YES;
				ONLY_ACTIVE_ARCH = NO;
				SDKROOT = iphoneos;
			};
			name = Debug;
		};
		8B6C6E941AA30C0E009EF356 /* Release */ = {
			isa = XCBuildConfiguration;
			baseConfigurationReference = 8B6C6E9B1AA30E68009EF356 /* HaskelliOS.xcconfig */;
			buildSettings = {
				ALWAYS_SEARCH_USER_PATHS = NO;
				CLANG_CXX_LANGUAGE_STANDARD = "gnu++0x";
				CLANG_CXX_LIBRARY = "libc++";
				CLANG_ENABLE_MODULES = YES;
				CLANG_ENABLE_OBJC_ARC = YES;
				CLANG_WARN_BOOL_CONVERSION = YES;
				CLANG_WARN_CONSTANT_CONVERSION = YES;
				CLANG_WARN_DIRECT_OBJC_ISA_USAGE = YES_ERROR;
				CLANG_WARN_EMPTY_BODY = YES;
				CLANG_WARN_ENUM_CONVERSION = YES;
				CLANG_WARN_INT_CONVERSION = YES;
				CLANG_WARN_OBJC_ROOT_CLASS = YES_ERROR;
				CLANG_WARN_UNREACHABLE_CODE = YES;
				CLANG_WARN__DUPLICATE_METHOD_MATCH = YES;
				"CODE_SIGN_IDENTITY[sdk=iphoneos*]" = "iPhone Developer";
				COPY_PHASE_STRIP = YES;
				ENABLE_NS_ASSERTIONS = NO;
				ENABLE_STRICT_OBJC_MSGSEND = YES;
				GCC_C_LANGUAGE_STANDARD = gnu99;
				GCC_WARN_64_TO_32_BIT_CONVERSION = YES;
				GCC_WARN_ABOUT_RETURN_TYPE = YES_ERROR;
				GCC_WARN_UNDECLARED_SELECTOR = YES;
				GCC_WARN_UNINITIALIZED_AUTOS = YES_AGGRESSIVE;
				GCC_WARN_UNUSED_FUNCTION = YES;
				GCC_WARN_UNUSED_VARIABLE = YES;
				IPHONEOS_DEPLOYMENT_TARGET = 8.1;
				MTL_ENABLE_DEBUG_INFO = NO;
				SDKROOT = iphoneos;
				VALIDATE_PRODUCT = YES;
			};
			name = Release;
		};
		8B6C6E961AA30C0E009EF356 /* Debug */ = {
			isa = XCBuildConfiguration;
			buildSettings = {
				ASSETCATALOG_COMPILER_APPICON_NAME = AppIcon;
				INFOPLIST_FILE = OGLWHaskellTest/Info.plist;
				LD_RUNPATH_SEARCH_PATHS = "$(inherited) @executable_path/Frameworks";
				LIBRARY_SEARCH_PATHS = (
					"$(inherited)",
					"$(PROJECT_DIR)/OGLWHaskellTest",
				);
				PRODUCT_NAME = "$(TARGET_NAME)";
			};
			name = Debug;
		};
		8B6C6E971AA30C0E009EF356 /* Release */ = {
			isa = XCBuildConfiguration;
			buildSettings = {
				ASSETCATALOG_COMPILER_APPICON_NAME = AppIcon;
				INFOPLIST_FILE = OGLWHaskellTest/Info.plist;
				LD_RUNPATH_SEARCH_PATHS = "$(inherited) @executable_path/Frameworks";
				LIBRARY_SEARCH_PATHS = (
					"$(inherited)",
					"$(PROJECT_DIR)/OGLWHaskellTest",
				);
				PRODUCT_NAME = "$(TARGET_NAME)";
			};
			name = Release;
		};
		8B6C6E991AA30C0E009EF356 /* Debug */ = {
			isa = XCBuildConfiguration;
			buildSettings = {
				BUNDLE_LOADER = "$(TEST_HOST)";
				FRAMEWORK_SEARCH_PATHS = (
					"$(SDKROOT)/Developer/Library/Frameworks",
					"$(inherited)",
				);
				GCC_PREPROCESSOR_DEFINITIONS = (
					"DEBUG=1",
					"$(inherited)",
				);
				INFOPLIST_FILE = OGLWHaskellTestTests/Info.plist;
				LD_RUNPATH_SEARCH_PATHS = "$(inherited) @executable_path/Frameworks @loader_path/Frameworks";
				PRODUCT_NAME = "$(TARGET_NAME)";
				TEST_HOST = "$(BUILT_PRODUCTS_DIR)/OGLWHaskellTest.app/OGLWHaskellTest";
			};
			name = Debug;
		};
		8B6C6E9A1AA30C0E009EF356 /* Release */ = {
			isa = XCBuildConfiguration;
			buildSettings = {
				BUNDLE_LOADER = "$(TEST_HOST)";
				FRAMEWORK_SEARCH_PATHS = (
					"$(SDKROOT)/Developer/Library/Frameworks",
					"$(inherited)",
				);
				INFOPLIST_FILE = OGLWHaskellTestTests/Info.plist;
				LD_RUNPATH_SEARCH_PATHS = "$(inherited) @executable_path/Frameworks @loader_path/Frameworks";
				PRODUCT_NAME = "$(TARGET_NAME)";
				TEST_HOST = "$(BUILT_PRODUCTS_DIR)/OGLWHaskellTest.app/OGLWHaskellTest";
			};
			name = Release;
		};
/* End XCBuildConfiguration section */

/* Begin XCConfigurationList section */
		8B6C6E691AA30C0D009EF356 /* Build configuration list for PBXProject "OGLWHaskellTest" */ = {
			isa = XCConfigurationList;
			buildConfigurations = (
				8B6C6E931AA30C0E009EF356 /* Debug */,
				8B6C6E941AA30C0E009EF356 /* Release */,
			);
			defaultConfigurationIsVisible = 0;
			defaultConfigurationName = Release;
		};
		8B6C6E951AA30C0E009EF356 /* Build configuration list for PBXNativeTarget "OGLWHaskellTest" */ = {
			isa = XCConfigurationList;
			buildConfigurations = (
				8B6C6E961AA30C0E009EF356 /* Debug */,
				8B6C6E971AA30C0E009EF356 /* Release */,
			);
			defaultConfigurationIsVisible = 0;
		};
		8B6C6E981AA30C0E009EF356 /* Build configuration list for PBXNativeTarget "OGLWHaskellTestTests" */ = {
			isa = XCConfigurationList;
			buildConfigurations = (
				8B6C6E991AA30C0E009EF356 /* Debug */,
				8B6C6E9A1AA30C0E009EF356 /* Release */,
			);
			defaultConfigurationIsVisible = 0;
		};
/* End XCConfigurationList section */
	};
	rootObject = 8B6C6E661AA30C0D009EF356 /* Project object */;
}
